// !$*UTF8*$!
{
	archiveVersion = 1;
	classes = {
	};
	objectVersion = 46;
	objects = {

/* Begin PBXBuildFile section */
		5B1CDECE1B27A32E005DD33E /* AppDelegate.swift in Sources */ = {isa = PBXBuildFile; fileRef = 5B1CDECD1B27A32E005DD33E /* AppDelegate.swift */; };
		5B1CDED01B27A32E005DD33E /* ViewController.swift in Sources */ = {isa = PBXBuildFile; fileRef = 5B1CDECF1B27A32E005DD33E /* ViewController.swift */; };
		5B1CDED31B27A32E005DD33E /* Main.storyboard in Resources */ = {isa = PBXBuildFile; fileRef = 5B1CDED11B27A32E005DD33E /* Main.storyboard */; };
		5B1CDED51B27A32E005DD33E /* Images.xcassets in Resources */ = {isa = PBXBuildFile; fileRef = 5B1CDED41B27A32E005DD33E /* Images.xcassets */; };
		5B1CDED81B27A32E005DD33E /* LaunchScreen.xib in Resources */ = {isa = PBXBuildFile; fileRef = 5B1CDED61B27A32E005DD33E /* LaunchScreen.xib */; };
		5B1CDEE41B27A32E005DD33E /* singleWebViewTests.swift in Sources */ = {isa = PBXBuildFile; fileRef = 5B1CDEE31B27A32E005DD33E /* singleWebViewTests.swift */; };
/* End PBXBuildFile section */

/* Begin PBXContainerItemProxy section */
		5B1CDEDE1B27A32E005DD33E /* PBXContainerItemProxy */ = {
			isa = PBXContainerItemProxy;
			containerPortal = 5B1CDEC01B27A32E005DD33E /* Project object */;
			proxyType = 1;
			remoteGlobalIDString = 5B1CDEC71B27A32E005DD33E;
			remoteInfo = singleWebView;
		};
/* End PBXContainerItemProxy section */

/* Begin PBXFileReference section */
		5B1CDEC81B27A32E005DD33E /* singleWebView.app */ = {isa = PBXFileReference; explicitFileType = wrapper.application; includeInIndex = 0; path = singleWebView.app; sourceTree = BUILT_PRODUCTS_DIR; };
		5B1CDECC1B27A32E005DD33E /* Info.plist */ = {isa = PBXFileReference; lastKnownFileType = text.plist.xml; path = Info.plist; sourceTree = "<group>"; };
		5B1CDECD1B27A32E005DD33E /* AppDelegate.swift */ = {isa = PBXFileReference; lastKnownFileType = sourcecode.swift; path = AppDelegate.swift; sourceTree = "<group>"; };
		5B1CDECF1B27A32E005DD33E /* ViewController.swift */ = {isa = PBXFileReference; lastKnownFileType = sourcecode.swift; path = ViewController.swift; sourceTree = "<group>"; };
		5B1CDED21B27A32E005DD33E /* Base */ = {isa = PBXFileReference; lastKnownFileType = file.storyboard; name = Base; path = Base.lproj/Main.storyboard; sourceTree = "<group>"; };
		5B1CDED41B27A32E005DD33E /* Images.xcassets */ = {isa = PBXFileReference; lastKnownFileType = folder.assetcatalog; path = Images.xcassets; sourceTree = "<group>"; };
		5B1CDED71B27A32E005DD33E /* Base */ = {isa = PBXFileReference; lastKnownFileType = file.xib; name = Base; path = Base.lproj/LaunchScreen.xib; sourceTree = "<group>"; };
		5B1CDEDD1B27A32E005DD33E /* singleWebViewTests.xctest */ = {isa = PBXFileReference; explicitFileType = wrapper.cfbundle; includeInIndex = 0; path = singleWebViewTests.xctest; sourceTree = BUILT_PRODUCTS_DIR; };
		5B1CDEE21B27A32E005DD33E /* Info.plist */ = {isa = PBXFileReference; lastKnownFileType = text.plist.xml; path = Info.plist; sourceTree = "<group>"; };
		5B1CDEE31B27A32E005DD33E /* singleWebViewTests.swift */ = {isa = PBXFileReference; lastKnownFileType = sourcecode.swift; path = singleWebViewTests.swift; sourceTree = "<group>"; };
/* End PBXFileReference section */

/* Begin PBXFrameworksBuildPhase section */
		5B1CDEC51B27A32E005DD33E /* Frameworks */ = {
			isa = PBXFrameworksBuildPhase;
			buildActionMask = 2147483647;
			files = (
			);
			runOnlyForDeploymentPostprocessing = 0;
		};
		5B1CDEDA1B27A32E005DD33E /* Frameworks */ = {
			isa = PBXFrameworksBuildPhase;
			buildActionMask = 2147483647;
			files = (
			);
			runOnlyForDeploymentPostprocessing = 0;
		};
/* End PBXFrameworksBuildPhase section */

/* Begin PBXGroup section */
		5B1CDEBF1B27A32E005DD33E = {
			isa = PBXGroup;
			children = (
				5B1CDECA1B27A32E005DD33E /* singleWebView */,
				5B1CDEE01B27A32E005DD33E /* singleWebViewTests */,
				5B1CDEC91B27A32E005DD33E /* Products */,
			);
			sourceTree = "<group>";
		};
		5B1CDEC91B27A32E005DD33E /* Products */ = {
			isa = PBXGroup;
			children = (
				5B1CDEC81B27A32E005DD33E /* singleWebView.app */,
				5B1CDEDD1B27A32E005DD33E /* singleWebViewTests.xctest */,
			);
			name = Products;
			sourceTree = "<group>";
		};
		5B1CDECA1B27A32E005DD33E /* singleWebView */ = {
			isa = PBXGroup;
			children = (
				5B1CDECD1B27A32E005DD33E /* AppDelegate.swift */,
				5B1CDECF1B27A32E005DD33E /* ViewController.swift */,
				5B1CDED11B27A32E005DD33E /* Main.storyboard */,
				5B1CDED41B27A32E005DD33E /* Images.xcassets */,
				5B1CDED61B27A32E005DD33E /* LaunchScreen.xib */,
				5B1CDECB1B27A32E005DD33E /* Supporting Files */,
			);
			path = singleWebView;
			sourceTree = "<group>";
		};
		5B1CDECB1B27A32E005DD33E /* Supporting Files */ = {
			isa = PBXGroup;
			children = (
				5B1CDECC1B27A32E005DD33E /* Info.plist */,
			);
			name = "Supporting Files";
			sourceTree = "<group>";
		};
		5B1CDEE01B27A32E005DD33E /* singleWebViewTests */ = {
			isa = PBXGroup;
			children = (
				5B1CDEE31B27A32E005DD33E /* singleWebViewTests.swift */,
				5B1CDEE11B27A32E005DD33E /* Supporting Files */,
			);
			path = singleWebViewTests;
			sourceTree = "<group>";
		};
		5B1CDEE11B27A32E005DD33E /* Supporting Files */ = {
			isa = PBXGroup;
			children = (
				5B1CDEE21B27A32E005DD33E /* Info.plist */,
			);
			name = "Supporting Files";
			sourceTree = "<group>";
		};
/* End PBXGroup section */

/* Begin PBXNativeTarget section */
		5B1CDEC71B27A32E005DD33E /* singleWebView */ = {
			isa = PBXNativeTarget;
			buildConfigurationList = 5B1CDEE71B27A32E005DD33E /* Build configuration list for PBXNativeTarget "singleWebView" */;
			buildPhases = (
				5B1CDEC41B27A32E005DD33E /* Sources */,
				5B1CDEC51B27A32E005DD33E /* Frameworks */,
				5B1CDEC61B27A32E005DD33E /* Resources */,
			);
			buildRules = (
			);
			dependencies = (
			);
			name = singleWebView;
			productName = singleWebView;
			productReference = 5B1CDEC81B27A32E005DD33E /* singleWebView.app */;
			productType = "com.apple.product-type.application";
		};
		5B1CDEDC1B27A32E005DD33E /* singleWebViewTests */ = {
			isa = PBXNativeTarget;
			buildConfigurationList = 5B1CDEEA1B27A32E005DD33E /* Build configuration list for PBXNativeTarget "singleWebViewTests" */;
			buildPhases = (
				5B1CDED91B27A32E005DD33E /* Sources */,
				5B1CDEDA1B27A32E005DD33E /* Frameworks */,
				5B1CDEDB1B27A32E005DD33E /* Resources */,
			);
			buildRules = (
			);
			dependencies = (
				5B1CDEDF1B27A32E005DD33E /* PBXTargetDependency */,
			);
			name = singleWebViewTests;
			productName = singleWebViewTests;
			productReference = 5B1CDEDD1B27A32E005DD33E /* singleWebViewTests.xctest */;
			productType = "com.apple.product-type.bundle.unit-test";
		};
/* End PBXNativeTarget section */

/* Begin PBXProject section */
		5B1CDEC01B27A32E005DD33E /* Project object */ = {
			isa = PBXProject;
			attributes = {
				LastUpgradeCheck = 0630;
				ORGANIZATIONNAME = hackership;
				TargetAttributes = {
					5B1CDEC71B27A32E005DD33E = {
						CreatedOnToolsVersion = 6.3.2;
					};
					5B1CDEDC1B27A32E005DD33E = {
						CreatedOnToolsVersion = 6.3.2;
						TestTargetID = 5B1CDEC71B27A32E005DD33E;
					};
				};
			};
			buildConfigurationList = 5B1CDEC31B27A32E005DD33E /* Build configuration list for PBXProject "singleWebView" */;
			compatibilityVersion = "Xcode 3.2";
			developmentRegion = English;
			hasScannedForEncodings = 0;
			knownRegions = (
				en,
				Base,
			);
			mainGroup = 5B1CDEBF1B27A32E005DD33E;
			productRefGroup = 5B1CDEC91B27A32E005DD33E /* Products */;
			projectDirPath = "";
			projectRoot = "";
			targets = (
				5B1CDEC71B27A32E005DD33E /* singleWebView */,
				5B1CDEDC1B27A32E005DD33E /* singleWebViewTests */,
			);
		};
/* End PBXProject section */

/* Begin PBXResourcesBuildPhase section */
		5B1CDEC61B27A32E005DD33E /* Resources */ = {
			isa = PBXResourcesBuildPhase;
			buildActionMask = 2147483647;
			files = (
				5B1CDED31B27A32E005DD33E /* Main.storyboard in Resources */,
				5B1CDED81B27A32E005DD33E /* LaunchScreen.xib in Resources */,
				5B1CDED51B27A32E005DD33E /* Images.xcassets in Resources */,
			);
			runOnlyForDeploymentPostprocessing = 0;
		};
		5B1CDEDB1B27A32E005DD33E /* Resources */ = {
			isa = PBXResourcesBuildPhase;
			buildActionMask = 2147483647;
			files = (
			);
			runOnlyForDeploymentPostprocessing = 0;
		};
/* End PBXResourcesBuildPhase section */

/* Begin PBXSourcesBuildPhase section */
		5B1CDEC41B27A32E005DD33E /* Sources */ = {
			isa = PBXSourcesBuildPhase;
			buildActionMask = 2147483647;
			files = (
				5B1CDED01B27A32E005DD33E /* ViewController.swift in Sources */,
				5B1CDECE1B27A32E005DD33E /* AppDelegate.swift in Sources */,
			);
			runOnlyForDeploymentPostprocessing = 0;
		};
		5B1CDED91B27A32E005DD33E /* Sources */ = {
			isa = PBXSourcesBuildPhase;
			buildActionMask = 2147483647;
			files = (
				5B1CDEE41B27A32E005DD33E /* singleWebViewTests.swift in Sources */,
			);
			runOnlyForDeploymentPostprocessing = 0;
		};
/* End PBXSourcesBuildPhase section */

/* Begin PBXTargetDependency section */
		5B1CDEDF1B27A32E005DD33E /* PBXTargetDependency */ = {
			isa = PBXTargetDependency;
			target = 5B1CDEC71B27A32E005DD33E /* singleWebView */;
			targetProxy = 5B1CDEDE1B27A32E005DD33E /* PBXContainerItemProxy */;
		};
/* End PBXTargetDependency section */

/* Begin PBXVariantGroup section */
		5B1CDED11B27A32E005DD33E /* Main.storyboard */ = {
			isa = PBXVariantGroup;
			children = (
				5B1CDED21B27A32E005DD33E /* Base */,
			);
			name = Main.storyboard;
			sourceTree = "<group>";
		};
		5B1CDED61B27A32E005DD33E /* LaunchScreen.xib */ = {
			isa = PBXVariantGroup;
			children = (
				5B1CDED71B27A32E005DD33E /* Base */,
			);
			name = LaunchScreen.xib;
			sourceTree = "<group>";
		};
/* End PBXVariantGroup section */

/* Begin XCBuildConfiguration section */
		5B1CDEE51B27A32E005DD33E /* Debug */ = {
			isa = XCBuildConfiguration;
			buildSettings = {
				ALWAYS_SEARCH_USER_PATHS = NO;
				CLANG_CXX_LANGUAGE_STANDARD = "gnu++0x";
				CLANG_CXX_LIBRARY = "libc++";
				CLANG_ENABLE_MODULES = YES;
				CLANG_ENABLE_OBJC_ARC = YES;
				CLANG_WARN_BOOL_CONVERSION = YES;
				CLANG_WARN_CONSTANT_CONVERSION = YES;
				CLANG_WARN_DIRECT_OBJC_ISA_USAGE = YES_ERROR;
				CLANG_WARN_EMPTY_BODY = YES;
				CLANG_WARN_ENUM_CONVERSION = YES;
				CLANG_WARN_INT_CONVERSION = YES;
				CLANG_WARN_OBJC_ROOT_CLASS = YES_ERROR;
				CLANG_WARN_UNREACHABLE_CODE = YES;
				CLANG_WARN__DUPLICATE_METHOD_MATCH = YES;
				"CODE_SIGN_IDENTITY[sdk=iphoneos*]" = "iPhone Developer";
				COPY_PHASE_STRIP = NO;
				DEBUG_INFORMATION_FORMAT = "dwarf-with-dsym";
				ENABLE_STRICT_OBJC_MSGSEND = YES;
				GCC_C_LANGUAGE_STANDARD = gnu99;
				GCC_DYNAMIC_NO_PIC = NO;
				GCC_NO_COMMON_BLOCKS = YES;
				GCC_OPTIMIZATION_LEVEL = 0;
				GCC_PREPROCESSOR_DEFINITIONS = (
					"DEBUG=1",
					"$(inherited)",
				);
				GCC_SYMBOLS_PRIVATE_EXTERN = NO;
				GCC_WARN_64_TO_32_BIT_CONVERSION = YES;
				GCC_WARN_ABOUT_RETURN_TYPE = YES_ERROR;
				GCC_WARN_UNDECLARED_SELECTOR = YES;
				GCC_WARN_UNINITIALIZED_AUTOS = YES_AGGRESSIVE;
				GCC_WARN_UNUSED_FUNCTION = YES;
				GCC_WARN_UNUSED_VARIABLE = YES;
				IPHONEOS_DEPLOYMENT_TARGET = 8.3;
				MTL_ENABLE_DEBUG_INFO = YES;
				ONLY_ACTIVE_ARCH = YES;
				SDKROOT = iphoneos;
				SWIFT_OPTIMIZATION_LEVEL = "-Onone";
			};
			name = Debug;
		};
		5B1CDEE61B27A32E005DD33E /* Release */ = {
			isa = XCBuildConfiguration;
			buildSettings = {
				ALWAYS_SEARCH_USER_PATHS = NO;
				CLANG_CXX_LANGUAGE_STANDARD = "gnu++0x";
				CLANG_CXX_LIBRARY = "libc++";
				CLANG_ENABLE_MODULES = YES;
				CLANG_ENABLE_OBJC_ARC = YES;
				CLANG_WARN_BOOL_CONVERSION = YES;
				CLANG_WARN_CONSTANT_CONVERSION = YES;
				CLANG_WARN_DIRECT_OBJC_ISA_USAGE = YES_ERROR;
				CLANG_WARN_EMPTY_BODY = YES;
				CLANG_WARN_ENUM_CONVERSION = YES;
				CLANG_WARN_INT_CONVERSION = YES;
				CLANG_WARN_OBJC_ROOT_CLASS = YES_ERROR;
				CLANG_WARN_UNREACHABLE_CODE = YES;
				CLANG_WARN__DUPLICATE_METHOD_MATCH = YES;
				"CODE_SIGN_IDENTITY[sdk=iphoneos*]" = "iPhone Developer";
				COPY_PHASE_STRIP = NO;
				DEBUG_INFORMATION_FORMAT = "dwarf-with-dsym";
				ENABLE_NS_ASSERTIONS = NO;
				ENABLE_STRICT_OBJC_MSGSEND = YES;
				GCC_C_LANGUAGE_STANDARD = gnu99;
				GCC_NO_COMMON_BLOCKS = YES;
				GCC_WARN_64_TO_32_BIT_CONVERSION = YES;
				GCC_WARN_ABOUT_RETURN_TYPE = YES_ERROR;
				GCC_WARN_UNDECLARED_SELECTOR = YES;
				GCC_WARN_UNINITIALIZED_AUTOS = YES_AGGRESSIVE;
				GCC_WARN_UNUSED_FUNCTION = YES;
				GCC_WARN_UNUSED_VARIABLE = YES;
				IPHONEOS_DEPLOYMENT_TARGET = 8.3;
				MTL_ENABLE_DEBUG_INFO = NO;
				SDKROOT = iphoneos;
				VALIDATE_PRODUCT = YES;
			};
			name = Release;
		};
		5B1CDEE81B27A32E005DD33E /* Debug */ = {
			isa = XCBuildConfiguration;
			buildSettings = {
				ASSETCATALOG_COMPILER_APPICON_NAME = AppIcon;
				INFOPLIST_FILE = singleWebView/Info.plist;
				LD_RUNPATH_SEARCH_PATHS = "$(inherited) @executable_path/Frameworks";
				PRODUCT_NAME = "$(TARGET_NAME)";
			};
			name = Debug;
		};
		5B1CDEE91B27A32E005DD33E /* Release */ = {
			isa = XCBuildConfiguration;
			buildSettings = {
				ASSETCATALOG_COMPILER_APPICON_NAME = AppIcon;
				INFOPLIST_FILE = singleWebView/Info.plist;
				LD_RUNPATH_SEARCH_PATHS = "$(inherited) @executable_path/Frameworks";
				PRODUCT_NAME = "$(TARGET_NAME)";
			};
			name = Release;
		};
		5B1CDEEB1B27A32E005DD33E /* Debug */ = {
			isa = XCBuildConfiguration;
			buildSettings = {
				BUNDLE_LOADER = "$(TEST_HOST)";
				FRAMEWORK_SEARCH_PATHS = (
					"$(SDKROOT)/Developer/Library/Frameworks",
					"$(inherited)",
				);
				GCC_PREPROCESSOR_DEFINITIONS = (
					"DEBUG=1",
					"$(inherited)",
				);
				INFOPLIST_FILE = singleWebViewTests/Info.plist;
				LD_RUNPATH_SEARCH_PATHS = "$(inherited) @executable_path/Frameworks @loader_path/Frameworks";
				PRODUCT_NAME = "$(TARGET_NAME)";
				TEST_HOST = "$(BUILT_PRODUCTS_DIR)/singleWebView.app/singleWebView";
			};
			name = Debug;
		};
		5B1CDEEC1B27A32E005DD33E /* Release */ = {
			isa = XCBuildConfiguration;
			buildSettings = {
				BUNDLE_LOADER = "$(TEST_HOST)";
				FRAMEWORK_SEARCH_PATHS = (
					"$(SDKROOT)/Developer/Library/Frameworks",
					"$(inherited)",
				);
				INFOPLIST_FILE = singleWebViewTests/Info.plist;
				LD_RUNPATH_SEARCH_PATHS = "$(inherited) @executable_path/Frameworks @loader_path/Frameworks";
				PRODUCT_NAME = "$(TARGET_NAME)";
				TEST_HOST = "$(BUILT_PRODUCTS_DIR)/singleWebView.app/singleWebView";
			};
			name = Release;
		};
/* End XCBuildConfiguration section */

/* Begin XCConfigurationList section */
		5B1CDEC31B27A32E005DD33E /* Build configuration list for PBXProject "singleWebView" */ = {
			isa = XCConfigurationList;
			buildConfigurations = (
				5B1CDEE51B27A32E005DD33E /* Debug */,
				5B1CDEE61B27A32E005DD33E /* Release */,
			);
			defaultConfigurationIsVisible = 0;
			defaultConfigurationName = Release;
		};
		5B1CDEE71B27A32E005DD33E /* Build configuration list for PBXNativeTarget "singleWebView" */ = {
			isa = XCConfigurationList;
			buildConfigurations = (
				5B1CDEE81B27A32E005DD33E /* Debug */,
				5B1CDEE91B27A32E005DD33E /* Release */,
			);
			defaultConfigurationIsVisible = 0;
		};
		5B1CDEEA1B27A32E005DD33E /* Build configuration list for PBXNativeTarget "singleWebViewTests" */ = {
			isa = XCConfigurationList;
			buildConfigurations = (
				5B1CDEEB1B27A32E005DD33E /* Debug */,
				5B1CDEEC1B27A32E005DD33E /* Release */,
			);
			defaultConfigurationIsVisible = 0;
		};
/* End XCConfigurationList section */
	};
	rootObject = 5B1CDEC01B27A32E005DD33E /* Project object */;
}
